# This file was autogenerated by Stack.
# You should not edit this file by hand.
# For more information, please see the documentation at:
#   https://docs.haskellstack.org/en/stable/lock_files

packages:
- completed:
    hackage: req-url-extra-0.1.0.0@sha256:c7cce9da7bb9376c79bf18795258b40f56d515338c23fd706bc8a7ba984b326b,4172
    pantry-tree:
      size: 572
      sha256: 19cb4b97066fd667e99cb2e268bfe865d343b5b32b1498808fb8fa5263555115
  original:
    hackage: req-url-extra-0.1.0.0
snapshots:
- completed:
    size: 568435
    url: https://raw.githubusercontent.com/commercialhaskell/stackage-snapshots/master/lts/10/4.yaml
    sha256: 65ac0604c29a81f0aef5dff499eb9d6c5cdd7dbfedcfdad6b3f0a9e75b422cbe
  original: lts-10.4
